<?xml version="1.0" encoding="UTF-8"?>
<!DOCTYPE plist PUBLIC "-//Apple//DTD PLIST 1.0//EN" "http://www.apple.com/DTDs/PropertyList-1.0.dtd">
<plist version="1.0">
<dict>
	<key>archiveVersion</key>
	<string>1</string>
	<key>classes</key>
	<dict/>
	<key>objectVersion</key>
	<string>46</string>
	<key>objects</key>
	<dict>
		<key>2623658FF20ECA458FADAA7C</key>
		<dict>
			<key>buildActionMask</key>
			<string>2147483647</string>
			<key>files</key>
			<array/>
			<key>inputPaths</key>
			<array/>
			<key>isa</key>
			<string>PBXShellScriptBuildPhase</string>
			<key>name</key>
			<string>Check Pods Manifest.lock</string>
			<key>outputPaths</key>
			<array/>
			<key>runOnlyForDeploymentPostprocessing</key>
			<string>0</string>
			<key>shellPath</key>
			<string>/bin/sh</string>
			<key>shellScript</key>
			<string>diff "${PODS_ROOT}/../Podfile.lock" "${PODS_ROOT}/Manifest.lock" &gt; /dev/null
if [[ $? != 0 ]] ; then
    cat &lt;&lt; EOM
error: The sandbox is not in sync with the Podfile.lock. Run 'pod install' or update your CocoaPods installation.
EOM
    exit 1
fi
</string>
			<key>showEnvVarsInLog</key>
			<string>0</string>
		</dict>
		<key>B9E47528F2CEFA76F37D95E3</key>
		<dict>
			<key>explicitFileType</key>
			<string>archive.ar</string>
			<key>includeInIndex</key>
			<string>0</string>
			<key>isa</key>
			<string>PBXFileReference</string>
			<key>path</key>
			<string>libPods-cdmx.a</string>
			<key>sourceTree</key>
			<string>BUILT_PRODUCTS_DIR</string>
		</dict>
		<key>C175A9947E79ECC4892F4B50</key>
		<dict>
			<key>children</key>
			<array>
				<string>B9E47528F2CEFA76F37D95E3</string>
			</array>
			<key>isa</key>
			<string>PBXGroup</string>
			<key>name</key>
			<string>Frameworks</string>
			<key>sourceTree</key>
			<string>&lt;group&gt;</string>
		</dict>
		<key>C3D176AC3B2F842612BB623B</key>
		<dict>
			<key>children</key>
			<array>
				<string>FB216D6F4F8C21A7E0923298</string>
				<string>EFFF53693CD2BFB9D79DACFE</string>
			</array>
			<key>isa</key>
			<string>PBXGroup</string>
			<key>name</key>
			<string>Pods</string>
			<key>sourceTree</key>
			<string>&lt;group&gt;</string>
		</dict>
		<key>D367A09A182497F62E13A118</key>
		<dict>
			<key>buildActionMask</key>
			<string>2147483647</string>
			<key>files</key>
			<array/>
			<key>inputPaths</key>
			<array/>
			<key>isa</key>
			<string>PBXShellScriptBuildPhase</string>
			<key>name</key>
			<string>Copy Pods Resources</string>
			<key>outputPaths</key>
			<array/>
			<key>runOnlyForDeploymentPostprocessing</key>
			<string>0</string>
			<key>shellPath</key>
			<string>/bin/sh</string>
			<key>shellScript</key>
			<string>"${SRCROOT}/Pods/Target Support Files/Pods-cdmx/Pods-cdmx-resources.sh"
</string>
			<key>showEnvVarsInLog</key>
			<string>0</string>
		</dict>
		<key>DAD33F871CBC825900C87502</key>
		<dict>
			<key>children</key>
			<array>
				<string>DAD33F921CBC825900C87502</string>
				<string>DAD33F911CBC825900C87502</string>
				<string>C3D176AC3B2F842612BB623B</string>
				<string>C175A9947E79ECC4892F4B50</string>
			</array>
			<key>isa</key>
			<string>PBXGroup</string>
			<key>sourceTree</key>
			<string>&lt;group&gt;</string>
		</dict>
		<key>DAD33F881CBC825900C87502</key>
		<dict>
			<key>attributes</key>
			<dict>
				<key>LastUpgradeCheck</key>
				<string>0730</string>
				<key>ORGANIZATIONNAME</key>
				<string>Iturbide</string>
				<key>TargetAttributes</key>
				<dict>
					<key>DAD33F8F1CBC825900C87502</key>
					<dict>
						<key>CreatedOnToolsVersion</key>
						<string>7.3</string>
					</dict>
				</dict>
			</dict>
			<key>buildConfigurationList</key>
			<string>DAD33F8B1CBC825900C87502</string>
			<key>compatibilityVersion</key>
			<string>Xcode 3.2</string>
			<key>developmentRegion</key>
			<string>English</string>
			<key>hasScannedForEncodings</key>
			<string>0</string>
			<key>isa</key>
			<string>PBXProject</string>
			<key>knownRegions</key>
			<array>
				<string>en</string>
				<string>Base</string>
				<string>es</string>
			</array>
			<key>mainGroup</key>
			<string>DAD33F871CBC825900C87502</string>
			<key>productRefGroup</key>
			<string>DAD33F911CBC825900C87502</string>
			<key>projectDirPath</key>
			<string></string>
			<key>projectReferences</key>
			<array/>
			<key>projectRoot</key>
			<string></string>
			<key>targets</key>
			<array>
				<string>DAD33F8F1CBC825900C87502</string>
			</array>
		</dict>
		<key>DAD33F8B1CBC825900C87502</key>
		<dict>
			<key>buildConfigurations</key>
			<array>
				<string>DAD33FA51CBC825A00C87502</string>
				<string>DAD33FA61CBC825A00C87502</string>
			</array>
			<key>defaultConfigurationIsVisible</key>
			<string>0</string>
			<key>defaultConfigurationName</key>
			<string>Release</string>
			<key>isa</key>
			<string>XCConfigurationList</string>
		</dict>
		<key>DAD33F8C1CBC825900C87502</key>
		<dict>
			<key>buildActionMask</key>
			<string>2147483647</string>
			<key>files</key>
			<array>
				<string>DAD340021CBC83E300C87502</string>
				<string>DAD33FF61CBC83E300C87502</string>
				<string>DAD33FFC1CBC83E300C87502</string>
				<string>DAD33FFB1CBC83E300C87502</string>
				<string>DAD340051CBC83E300C87502</string>
				<string>DAD33FFF1CBC83E300C87502</string>
				<string>DAD340041CBC83E300C87502</string>
				<string>DAD33FF41CBC83E300C87502</string>
				<string>DAD33FFA1CBC83E300C87502</string>
				<string>DAD340011CBC83E300C87502</string>
				<string>DAD33FF81CBC83E300C87502</string>
				<string>DAD33FF91CBC83E300C87502</string>
				<string>DAD340031CBC83E300C87502</string>
				<string>DAD33FF71CBC83E300C87502</string>
				<string>DAD340001CBC83E300C87502</string>
			</array>
			<key>isa</key>
			<string>PBXSourcesBuildPhase</string>
			<key>runOnlyForDeploymentPostprocessing</key>
			<string>0</string>
		</dict>
		<key>DAD33F8D1CBC825900C87502</key>
		<dict>
			<key>buildActionMask</key>
			<string>2147483647</string>
			<key>files</key>
			<array>
				<string>DAD33FFE1CBC83E300C87502</string>
				<string>DAD33FFD1CBC83E300C87502</string>
				<string>E99EDB84D6293E5D839C08A5</string>
			</array>
			<key>isa</key>
			<string>PBXFrameworksBuildPhase</string>
			<key>runOnlyForDeploymentPostprocessing</key>
			<string>0</string>
		</dict>
		<key>DAD33F8E1CBC825900C87502</key>
		<dict>
			<key>buildActionMask</key>
			<string>2147483647</string>
			<key>files</key>
			<array>
				<string>DAD33FF01CBC83E300C87502</string>
				<string>DAD33FF31CBC83E300C87502</string>
				<string>DAD33FF21CBC83E300C87502</string>
				<string>DAD33FF51CBC83E300C87502</string>
				<string>DAD33FF11CBC83E300C87502</string>
				<string>DAD3400B1CBC858A00C87502</string>
			</array>
			<key>isa</key>
			<string>PBXResourcesBuildPhase</string>
			<key>runOnlyForDeploymentPostprocessing</key>
			<string>0</string>
		</dict>
		<key>DAD33F8F1CBC825900C87502</key>
		<dict>
			<key>buildConfigurationList</key>
			<string>DAD33FA71CBC825A00C87502</string>
			<key>buildPhases</key>
			<array>
				<string>2623658FF20ECA458FADAA7C</string>
				<string>DAD33F8C1CBC825900C87502</string>
				<string>DAD33F8D1CBC825900C87502</string>
				<string>DAD33F8E1CBC825900C87502</string>
				<string>EF892A6037A9F1FDD9C30D6A</string>
				<string>D367A09A182497F62E13A118</string>
			</array>
			<key>buildRules</key>
			<array/>
			<key>dependencies</key>
			<array/>
			<key>isa</key>
			<string>PBXNativeTarget</string>
			<key>name</key>
			<string>cdmx</string>
			<key>productName</key>
			<string>cdmx</string>
			<key>productReference</key>
			<string>DAD33F901CBC825900C87502</string>
			<key>productType</key>
			<string>com.apple.product-type.application</string>
		</dict>
		<key>DAD33F901CBC825900C87502</key>
		<dict>
			<key>explicitFileType</key>
			<string>wrapper.application</string>
			<key>includeInIndex</key>
			<string>0</string>
			<key>isa</key>
			<string>PBXFileReference</string>
			<key>path</key>
			<string>cdmx.app</string>
			<key>sourceTree</key>
			<string>BUILT_PRODUCTS_DIR</string>
		</dict>
		<key>DAD33F911CBC825900C87502</key>
		<dict>
			<key>children</key>
			<array>
				<string>DAD33F901CBC825900C87502</string>
			</array>
			<key>isa</key>
			<string>PBXGroup</string>
			<key>name</key>
			<string>Products</string>
			<key>sourceTree</key>
			<string>&lt;group&gt;</string>
		</dict>
		<key>DAD33F921CBC825900C87502</key>
		<dict>
			<key>children</key>
			<array>
				<string>DAD33FAA1CBC83E300C87502</string>
				<string>DAD33FAC1CBC83E300C87502</string>
				<string>DAD33FAD1CBC83E300C87502</string>
				<string>DAD33FB31CBC83E300C87502</string>
			</array>
			<key>isa</key>
			<string>PBXGroup</string>
			<key>path</key>
			<string>cdmx</string>
			<key>sourceTree</key>
			<string>&lt;group&gt;</string>
		</dict>
		<key>DAD33FA51CBC825A00C87502</key>
		<dict>
			<key>buildSettings</key>
			<dict>
				<key>ALWAYS_SEARCH_USER_PATHS</key>
				<string>NO</string>
				<key>CLANG_ANALYZER_NONNULL</key>
				<string>YES</string>
				<key>CLANG_CXX_LANGUAGE_STANDARD</key>
				<string>gnu++0x</string>
				<key>CLANG_CXX_LIBRARY</key>
				<string>libc++</string>
				<key>CLANG_ENABLE_MODULES</key>
				<string>YES</string>
				<key>CLANG_ENABLE_OBJC_ARC</key>
				<string>YES</string>
				<key>CLANG_WARN_BOOL_CONVERSION</key>
				<string>YES</string>
				<key>CLANG_WARN_CONSTANT_CONVERSION</key>
				<string>YES</string>
				<key>CLANG_WARN_DIRECT_OBJC_ISA_USAGE</key>
				<string>YES_ERROR</string>
				<key>CLANG_WARN_EMPTY_BODY</key>
				<string>YES</string>
				<key>CLANG_WARN_ENUM_CONVERSION</key>
				<string>YES</string>
				<key>CLANG_WARN_INT_CONVERSION</key>
				<string>YES</string>
				<key>CLANG_WARN_OBJC_ROOT_CLASS</key>
				<string>YES_ERROR</string>
				<key>CLANG_WARN_UNREACHABLE_CODE</key>
				<string>YES</string>
				<key>CLANG_WARN__DUPLICATE_METHOD_MATCH</key>
				<string>YES</string>
				<key>CODE_SIGN_IDENTITY[sdk=iphoneos*]</key>
				<string>iPhone Developer</string>
				<key>COPY_PHASE_STRIP</key>
				<string>NO</string>
				<key>DEBUG_INFORMATION_FORMAT</key>
				<string>dwarf</string>
				<key>ENABLE_STRICT_OBJC_MSGSEND</key>
				<string>YES</string>
				<key>ENABLE_TESTABILITY</key>
				<string>YES</string>
				<key>GCC_C_LANGUAGE_STANDARD</key>
				<string>gnu99</string>
				<key>GCC_DYNAMIC_NO_PIC</key>
				<string>NO</string>
				<key>GCC_NO_COMMON_BLOCKS</key>
				<string>YES</string>
				<key>GCC_OPTIMIZATION_LEVEL</key>
				<string>0</string>
				<key>GCC_PREPROCESSOR_DEFINITIONS</key>
				<array>
					<string>DEBUG=1</string>
					<string>$(inherited)</string>
				</array>
				<key>GCC_WARN_64_TO_32_BIT_CONVERSION</key>
				<string>YES</string>
				<key>GCC_WARN_ABOUT_RETURN_TYPE</key>
				<string>YES_ERROR</string>
				<key>GCC_WARN_UNDECLARED_SELECTOR</key>
				<string>YES</string>
				<key>GCC_WARN_UNINITIALIZED_AUTOS</key>
				<string>YES_AGGRESSIVE</string>
				<key>GCC_WARN_UNUSED_FUNCTION</key>
				<string>YES</string>
				<key>GCC_WARN_UNUSED_VARIABLE</key>
				<string>YES</string>
				<key>IPHONEOS_DEPLOYMENT_TARGET</key>
				<string>7.0</string>
				<key>MTL_ENABLE_DEBUG_INFO</key>
				<string>YES</string>
				<key>ONLY_ACTIVE_ARCH</key>
				<string>YES</string>
				<key>SDKROOT</key>
				<string>iphoneos</string>
				<key>TARGETED_DEVICE_FAMILY</key>
				<string>1,2</string>
			</dict>
			<key>isa</key>
			<string>XCBuildConfiguration</string>
			<key>name</key>
			<string>Debug</string>
		</dict>
		<key>DAD33FA61CBC825A00C87502</key>
		<dict>
			<key>buildSettings</key>
			<dict>
				<key>ALWAYS_SEARCH_USER_PATHS</key>
				<string>NO</string>
				<key>CLANG_ANALYZER_NONNULL</key>
				<string>YES</string>
				<key>CLANG_CXX_LANGUAGE_STANDARD</key>
				<string>gnu++0x</string>
				<key>CLANG_CXX_LIBRARY</key>
				<string>libc++</string>
				<key>CLANG_ENABLE_MODULES</key>
				<string>YES</string>
				<key>CLANG_ENABLE_OBJC_ARC</key>
				<string>YES</string>
				<key>CLANG_WARN_BOOL_CONVERSION</key>
				<string>YES</string>
				<key>CLANG_WARN_CONSTANT_CONVERSION</key>
				<string>YES</string>
				<key>CLANG_WARN_DIRECT_OBJC_ISA_USAGE</key>
				<string>YES_ERROR</string>
				<key>CLANG_WARN_EMPTY_BODY</key>
				<string>YES</string>
				<key>CLANG_WARN_ENUM_CONVERSION</key>
				<string>YES</string>
				<key>CLANG_WARN_INT_CONVERSION</key>
				<string>YES</string>
				<key>CLANG_WARN_OBJC_ROOT_CLASS</key>
				<string>YES_ERROR</string>
				<key>CLANG_WARN_UNREACHABLE_CODE</key>
				<string>YES</string>
				<key>CLANG_WARN__DUPLICATE_METHOD_MATCH</key>
				<string>YES</string>
				<key>CODE_SIGN_IDENTITY[sdk=iphoneos*]</key>
				<string>iPhone Developer</string>
				<key>COPY_PHASE_STRIP</key>
				<string>NO</string>
				<key>DEBUG_INFORMATION_FORMAT</key>
				<string>dwarf-with-dsym</string>
				<key>ENABLE_NS_ASSERTIONS</key>
				<string>NO</string>
				<key>ENABLE_STRICT_OBJC_MSGSEND</key>
				<string>YES</string>
				<key>GCC_C_LANGUAGE_STANDARD</key>
				<string>gnu99</string>
				<key>GCC_NO_COMMON_BLOCKS</key>
				<string>YES</string>
				<key>GCC_WARN_64_TO_32_BIT_CONVERSION</key>
				<string>YES</string>
				<key>GCC_WARN_ABOUT_RETURN_TYPE</key>
				<string>YES_ERROR</string>
				<key>GCC_WARN_UNDECLARED_SELECTOR</key>
				<string>YES</string>
				<key>GCC_WARN_UNINITIALIZED_AUTOS</key>
				<string>YES_AGGRESSIVE</string>
				<key>GCC_WARN_UNUSED_FUNCTION</key>
				<string>YES</string>
				<key>GCC_WARN_UNUSED_VARIABLE</key>
				<string>YES</string>
				<key>IPHONEOS_DEPLOYMENT_TARGET</key>
				<string>7.0</string>
				<key>MTL_ENABLE_DEBUG_INFO</key>
				<string>NO</string>
				<key>SDKROOT</key>
				<string>iphoneos</string>
				<key>TARGETED_DEVICE_FAMILY</key>
				<string>1,2</string>
				<key>VALIDATE_PRODUCT</key>
				<string>YES</string>
			</dict>
			<key>isa</key>
			<string>XCBuildConfiguration</string>
			<key>name</key>
			<string>Release</string>
		</dict>
		<key>DAD33FA71CBC825A00C87502</key>
		<dict>
			<key>buildConfigurations</key>
			<array>
				<string>DAD33FA81CBC825A00C87502</string>
				<string>DAD33FA91CBC825A00C87502</string>
			</array>
			<key>defaultConfigurationIsVisible</key>
			<string>0</string>
			<key>defaultConfigurationName</key>
			<string>Release</string>
			<key>isa</key>
			<string>XCConfigurationList</string>
		</dict>
		<key>DAD33FA81CBC825A00C87502</key>
		<dict>
			<key>baseConfigurationReference</key>
			<string>FB216D6F4F8C21A7E0923298</string>
			<key>buildSettings</key>
			<dict>
				<key>ASSETCATALOG_COMPILER_APPICON_NAME</key>
				<string>AppIcon</string>
				<key>ASSETCATALOG_COMPILER_LAUNCHIMAGE_NAME</key>
				<string>Brand Assets</string>
				<key>INFOPLIST_FILE</key>
				<string>$(SRCROOT)/cdmx/sourceteq/core/Info.plist</string>
				<key>LD_RUNPATH_SEARCH_PATHS</key>
				<string>$(inherited) @executable_path/Frameworks</string>
				<key>LIBRARY_SEARCH_PATHS</key>
				<array>
					<string>$(inherited)</string>
					<string>$(PROJECT_DIR)/cdmx/sourceteq/lib</string>
				</array>
				<key>PRODUCT_BUNDLE_IDENTIFIER</key>
				<string>iturbide.cdmx</string>
				<key>PRODUCT_NAME</key>
				<string>$(TARGET_NAME)</string>
				<key>TARGETED_DEVICE_FAMILY</key>
				<string>1,2</string>
			</dict>
			<key>isa</key>
			<string>XCBuildConfiguration</string>
			<key>name</key>
			<string>Debug</string>
		</dict>
		<key>DAD33FA91CBC825A00C87502</key>
		<dict>
			<key>baseConfigurationReference</key>
			<string>EFFF53693CD2BFB9D79DACFE</string>
			<key>buildSettings</key>
			<dict>
				<key>ASSETCATALOG_COMPILER_APPICON_NAME</key>
				<string>AppIcon</string>
				<key>ASSETCATALOG_COMPILER_LAUNCHIMAGE_NAME</key>
				<string>Brand Assets</string>
				<key>INFOPLIST_FILE</key>
				<string>$(SRCROOT)/cdmx/sourceteq/core/Info.plist</string>
				<key>LD_RUNPATH_SEARCH_PATHS</key>
				<string>$(inherited) @executable_path/Frameworks</string>
				<key>LIBRARY_SEARCH_PATHS</key>
				<array>
					<string>$(inherited)</string>
					<string>$(PROJECT_DIR)/cdmx/sourceteq/lib</string>
				</array>
				<key>PRODUCT_BUNDLE_IDENTIFIER</key>
				<string>iturbide.cdmx</string>
				<key>PRODUCT_NAME</key>
				<string>$(TARGET_NAME)</string>
				<key>TARGETED_DEVICE_FAMILY</key>
				<string>1,2</string>
			</dict>
			<key>isa</key>
			<string>XCBuildConfiguration</string>
			<key>name</key>
			<string>Release</string>
		</dict>
		<key>DAD33FAA1CBC83E300C87502</key>
		<dict>
			<key>children</key>
			<array>
				<string>DAD33FAB1CBC83E300C87502</string>
			</array>
			<key>isa</key>
			<string>PBXGroup</string>
			<key>path</key>
			<string>db</string>
			<key>sourceTree</key>
			<string>&lt;group&gt;</string>
		</dict>
		<key>DAD33FAB1CBC83E300C87502</key>
		<dict>
			<key>fileEncoding</key>
			<string>4</string>
			<key>isa</key>
			<string>PBXFileReference</string>
			<key>lastKnownFileType</key>
			<string>text</string>
			<key>path</key>
			<string>cdmx.db</string>
			<key>sourceTree</key>
			<string>&lt;group&gt;</string>
		</dict>
		<key>DAD33FAC1CBC83E300C87502</key>
		<dict>
			<key>children</key>
			<array>
				<string>DAD3400A1CBC858A00C87502</string>
			</array>
			<key>isa</key>
			<string>PBXGroup</string>
			<key>path</key>
			<string>imateq</string>
			<key>sourceTree</key>
			<string>&lt;group&gt;</string>
		</dict>
		<key>DAD33FAD1CBC83E300C87502</key>
		<dict>
			<key>children</key>
			<array>
				<string>DAD33FAE1CBC83E300C87502</string>
				<string>DAD33FAF1CBC83E300C87502</string>
				<string>DAD33FB01CBC83E300C87502</string>
			</array>
			<key>isa</key>
			<string>PBXGroup</string>
			<key>path</key>
			<string>langteq</string>
			<key>sourceTree</key>
			<string>&lt;group&gt;</string>
		</dict>
		<key>DAD33FAE1CBC83E300C87502</key>
		<dict>
			<key>fileEncoding</key>
			<string>4</string>
			<key>isa</key>
			<string>PBXFileReference</string>
			<key>lastKnownFileType</key>
			<string>text.plist.xml</string>
			<key>path</key>
			<string>analytics.plist</string>
			<key>sourceTree</key>
			<string>&lt;group&gt;</string>
		</dict>
		<key>DAD33FAF1CBC83E300C87502</key>
		<dict>
			<key>fileEncoding</key>
			<string>4</string>
			<key>isa</key>
			<string>PBXFileReference</string>
			<key>lastKnownFileType</key>
			<string>text.plist.xml</string>
			<key>path</key>
			<string>defs.plist</string>
			<key>sourceTree</key>
			<string>&lt;group&gt;</string>
		</dict>
		<key>DAD33FB01CBC83E300C87502</key>
		<dict>
			<key>children</key>
			<array>
				<string>DAD33FB11CBC83E300C87502</string>
				<string>DAD33FB21CBC83E300C87502</string>
			</array>
			<key>isa</key>
			<string>PBXVariantGroup</string>
			<key>name</key>
			<string>Localizable.strings</string>
			<key>sourceTree</key>
			<string>&lt;group&gt;</string>
		</dict>
		<key>DAD33FB11CBC83E300C87502</key>
		<dict>
			<key>isa</key>
			<string>PBXFileReference</string>
			<key>lastKnownFileType</key>
			<string>text.plist.strings</string>
			<key>name</key>
			<string>en</string>
			<key>path</key>
			<string>en.lproj/Localizable.strings</string>
			<key>sourceTree</key>
			<string>&lt;group&gt;</string>
		</dict>
		<key>DAD33FB21CBC83E300C87502</key>
		<dict>
			<key>isa</key>
			<string>PBXFileReference</string>
			<key>lastKnownFileType</key>
			<string>text.plist.strings</string>
			<key>name</key>
			<string>es</string>
			<key>path</key>
			<string>es.lproj/Localizable.strings</string>
			<key>sourceTree</key>
			<string>&lt;group&gt;</string>
		</dict>
		<key>DAD33FB31CBC83E300C87502</key>
		<dict>
			<key>children</key>
			<array>
				<string>DAD340071CBC84A700C87502</string>
				<string>DAD33FB41CBC83E300C87502</string>
				<string>DAD33FB91CBC83E300C87502</string>
				<string>DAD33FC71CBC83E300C87502</string>
				<string>DAD33FD11CBC83E300C87502</string>
			</array>
			<key>isa</key>
			<string>PBXGroup</string>
			<key>path</key>
			<string>sourceteq</string>
			<key>sourceTree</key>
			<string>&lt;group&gt;</string>
		</dict>
		<key>DAD33FB41CBC83E300C87502</key>
		<dict>
			<key>children</key>
			<array>
				<string>DAD33FB51CBC83E300C87502</string>
				<string>DAD33FB61CBC83E300C87502</string>
				<string>DAD33FB71CBC83E300C87502</string>
				<string>DAD33FB81CBC83E300C87502</string>
			</array>
			<key>isa</key>
			<string>PBXGroup</string>
			<key>path</key>
			<string>core</string>
			<key>sourceTree</key>
			<string>&lt;group&gt;</string>
		</dict>
		<key>DAD33FB51CBC83E300C87502</key>
		<dict>
			<key>fileEncoding</key>
			<string>4</string>
			<key>isa</key>
			<string>PBXFileReference</string>
			<key>lastKnownFileType</key>
			<string>sourcecode.c.h</string>
			<key>path</key>
			<string>appdel.h</string>
			<key>sourceTree</key>
			<string>&lt;group&gt;</string>
		</dict>
		<key>DAD33FB61CBC83E300C87502</key>
		<dict>
			<key>fileEncoding</key>
			<string>4</string>
			<key>isa</key>
			<string>PBXFileReference</string>
			<key>lastKnownFileType</key>
			<string>sourcecode.c.objc</string>
			<key>path</key>
			<string>appdel.m</string>
			<key>sourceTree</key>
			<string>&lt;group&gt;</string>
		</dict>
		<key>DAD33FB71CBC83E300C87502</key>
		<dict>
			<key>fileEncoding</key>
			<string>4</string>
			<key>isa</key>
			<string>PBXFileReference</string>
			<key>lastKnownFileType</key>
			<string>text.plist.xml</string>
			<key>path</key>
			<string>Info.plist</string>
			<key>sourceTree</key>
			<string>&lt;group&gt;</string>
		</dict>
		<key>DAD33FB81CBC83E300C87502</key>
		<dict>
			<key>fileEncoding</key>
			<string>4</string>
			<key>isa</key>
			<string>PBXFileReference</string>
			<key>lastKnownFileType</key>
			<string>sourcecode.c.objc</string>
			<key>path</key>
			<string>main.m</string>
			<key>sourceTree</key>
			<string>&lt;group&gt;</string>
		</dict>
		<key>DAD33FB91CBC83E300C87502</key>
		<dict>
			<key>children</key>
			<array>
				<string>DAD33FBA1CBC83E300C87502</string>
				<string>DAD33FBB1CBC83E300C87502</string>
				<string>DAD33FBC1CBC83E300C87502</string>
				<string>DAD33FBD1CBC83E300C87502</string>
				<string>DAD33FBE1CBC83E300C87502</string>
				<string>DAD33FBF1CBC83E300C87502</string>
				<string>DAD33FC01CBC83E300C87502</string>
				<string>DAD33FC11CBC83E300C87502</string>
				<string>DAD33FC21CBC83E300C87502</string>
				<string>DAD33FC31CBC83E300C87502</string>
				<string>DAD33FC41CBC83E300C87502</string>
				<string>DAD33FC51CBC83E300C87502</string>
				<string>DAD33FC61CBC83E300C87502</string>
			</array>
			<key>isa</key>
			<string>PBXGroup</string>
			<key>path</key>
			<string>generic</string>
			<key>sourceTree</key>
			<string>&lt;group&gt;</string>
		</dict>
		<key>DAD33FBA1CBC83E300C87502</key>
		<dict>
			<key>fileEncoding</key>
			<string>4</string>
			<key>isa</key>
			<string>PBXFileReference</string>
			<key>lastKnownFileType</key>
			<string>sourcecode.c.h</string>
			<key>path</key>
			<string>analytics.h</string>
			<key>sourceTree</key>
			<string>&lt;group&gt;</string>
		</dict>
		<key>DAD33FBB1CBC83E300C87502</key>
		<dict>
			<key>fileEncoding</key>
			<string>4</string>
			<key>isa</key>
			<string>PBXFileReference</string>
			<key>lastKnownFileType</key>
			<string>sourcecode.c.objc</string>
			<key>path</key>
			<string>analytics.m</string>
			<key>sourceTree</key>
			<string>&lt;group&gt;</string>
		</dict>
		<key>DAD33FBC1CBC83E300C87502</key>
		<dict>
			<key>fileEncoding</key>
			<string>4</string>
			<key>isa</key>
			<string>PBXFileReference</string>
			<key>lastKnownFileType</key>
			<string>sourcecode.c.h</string>
			<key>path</key>
			<string>generic.h</string>
			<key>sourceTree</key>
			<string>&lt;group&gt;</string>
		</dict>
		<key>DAD33FBD1CBC83E300C87502</key>
		<dict>
			<key>fileEncoding</key>
			<string>4</string>
			<key>isa</key>
			<string>PBXFileReference</string>
			<key>lastKnownFileType</key>
			<string>sourcecode.c.h</string>
			<key>path</key>
			<string>nsnotification+nsnotificationmain.h</string>
			<key>sourceTree</key>
			<string>&lt;group&gt;</string>
		</dict>
		<key>DAD33FBE1CBC83E300C87502</key>
		<dict>
			<key>fileEncoding</key>
			<string>4</string>
			<key>isa</key>
			<string>PBXFileReference</string>
			<key>lastKnownFileType</key>
			<string>sourcecode.c.objc</string>
			<key>path</key>
			<string>nsnotification+nsnotificationmain.m</string>
			<key>sourceTree</key>
			<string>&lt;group&gt;</string>
		</dict>
		<key>DAD33FBF1CBC83E300C87502</key>
		<dict>
			<key>fileEncoding</key>
			<string>4</string>
			<key>isa</key>
			<string>PBXFileReference</string>
			<key>lastKnownFileType</key>
			<string>sourcecode.c.h</string>
			<key>path</key>
			<string>tools.h</string>
			<key>sourceTree</key>
			<string>&lt;group&gt;</string>
		</dict>
		<key>DAD33FC01CBC83E300C87502</key>
		<dict>
			<key>fileEncoding</key>
			<string>4</string>
			<key>isa</key>
			<string>PBXFileReference</string>
			<key>lastKnownFileType</key>
			<string>sourcecode.c.objc</string>
			<key>path</key>
			<string>tools.m</string>
			<key>sourceTree</key>
			<string>&lt;group&gt;</string>
		</dict>
		<key>DAD33FC11CBC83E300C87502</key>
		<dict>
			<key>fileEncoding</key>
			<string>4</string>
			<key>isa</key>
			<string>PBXFileReference</string>
			<key>lastKnownFileType</key>
			<string>sourcecode.c.h</string>
			<key>path</key>
			<string>uicolor+uicolormain.h</string>
			<key>sourceTree</key>
			<string>&lt;group&gt;</string>
		</dict>
		<key>DAD33FC21CBC83E300C87502</key>
		<dict>
			<key>fileEncoding</key>
			<string>4</string>
			<key>isa</key>
			<string>PBXFileReference</string>
			<key>lastKnownFileType</key>
			<string>sourcecode.c.objc</string>
			<key>path</key>
			<string>uicolor+uicolormain.m</string>
			<key>sourceTree</key>
			<string>&lt;group&gt;</string>
		</dict>
		<key>DAD33FC31CBC83E300C87502</key>
		<dict>
			<key>fileEncoding</key>
			<string>4</string>
			<key>isa</key>
			<string>PBXFileReference</string>
			<key>lastKnownFileType</key>
			<string>sourcecode.c.h</string>
			<key>path</key>
			<string>uifont+uifontmain.h</string>
			<key>sourceTree</key>
			<string>&lt;group&gt;</string>
		</dict>
		<key>DAD33FC41CBC83E300C87502</key>
		<dict>
			<key>fileEncoding</key>
			<string>4</string>
			<key>isa</key>
			<string>PBXFileReference</string>
			<key>lastKnownFileType</key>
			<string>sourcecode.c.objc</string>
			<key>path</key>
			<string>uifont+uifontmain.m</string>
			<key>sourceTree</key>
			<string>&lt;group&gt;</string>
		</dict>
		<key>DAD33FC51CBC83E300C87502</key>
		<dict>
			<key>fileEncoding</key>
			<string>4</string>
			<key>isa</key>
			<string>PBXFileReference</string>
			<key>lastKnownFileType</key>
			<string>sourcecode.c.h</string>
			<key>path</key>
			<string>updater.h</string>
			<key>sourceTree</key>
			<string>&lt;group&gt;</string>
		</dict>
		<key>DAD33FC61CBC83E300C87502</key>
		<dict>
			<key>fileEncoding</key>
			<string>4</string>
			<key>isa</key>
			<string>PBXFileReference</string>
			<key>lastKnownFileType</key>
			<string>sourcecode.c.objc</string>
			<key>path</key>
			<string>updater.m</string>
			<key>sourceTree</key>
			<string>&lt;group&gt;</string>
		</dict>
		<key>DAD33FC71CBC83E300C87502</key>
		<dict>
			<key>children</key>
			<array>
				<string>DAD33FC81CBC83E300C87502</string>
				<string>DAD33FCA1CBC83E300C87502</string>
				<string>DAD33FCB1CBC83E300C87502</string>
				<string>DAD33FCC1CBC83E300C87502</string>
			</array>
			<key>isa</key>
			<string>PBXGroup</string>
			<key>path</key>
			<string>lib</string>
			<key>sourceTree</key>
			<string>&lt;group&gt;</string>
		</dict>
		<key>DAD33FC81CBC83E300C87502</key>
		<dict>
			<key>children</key>
			<array>
				<string>DAD33FC91CBC83E300C87502</string>
			</array>
			<key>isa</key>
			<string>PBXGroup</string>
			<key>path</key>
			<string>db</string>
			<key>sourceTree</key>
			<string>&lt;group&gt;</string>
		</dict>
		<key>DAD33FC91CBC83E300C87502</key>
		<dict>
			<key>fileEncoding</key>
			<string>4</string>
			<key>isa</key>
			<string>PBXFileReference</string>
			<key>lastKnownFileType</key>
			<string>sourcecode.c.h</string>
			<key>path</key>
			<string>db.h</string>
			<key>sourceTree</key>
			<string>&lt;group&gt;</string>
		</dict>
		<key>DAD33FCA1CBC83E300C87502</key>
		<dict>
			<key>isa</key>
			<string>PBXFileReference</string>
			<key>lastKnownFileType</key>
			<string>archive.ar</string>
			<key>path</key>
			<string>libdb.a</string>
			<key>sourceTree</key>
			<string>&lt;group&gt;</string>
		</dict>
		<key>DAD33FCB1CBC83E300C87502</key>
		<dict>
			<key>isa</key>
			<string>PBXFileReference</string>
			<key>lastKnownFileType</key>
			<string>archive.ar</string>
			<key>path</key>
			<string>libtimerbg.a</string>
			<key>sourceTree</key>
			<string>&lt;group&gt;</string>
		</dict>
		<key>DAD33FCC1CBC83E300C87502</key>
		<dict>
			<key>children</key>
			<array>
				<string>DAD33FCD1CBC83E300C87502</string>
			</array>
			<key>isa</key>
			<string>PBXGroup</string>
			<key>path</key>
			<string>timerbg</string>
			<key>sourceTree</key>
			<string>&lt;group&gt;</string>
		</dict>
		<key>DAD33FCD1CBC83E300C87502</key>
		<dict>
			<key>fileEncoding</key>
			<string>4</string>
			<key>isa</key>
			<string>PBXFileReference</string>
			<key>lastKnownFileType</key>
			<string>sourcecode.c.h</string>
			<key>path</key>
			<string>timerbg.h</string>
			<key>sourceTree</key>
			<string>&lt;group&gt;</string>
		</dict>
		<key>DAD33FD11CBC83E300C87502</key>
		<dict>
			<key>children</key>
			<array>
				<string>DAD33FD21CBC83E300C87502</string>
				<string>DAD33FD41CBC83E300C87502</string>
				<string>DAD33FE21CBC83E300C87502</string>
				<string>DAD33FE41CBC83E300C87502</string>
			</array>
			<key>isa</key>
			<string>PBXGroup</string>
			<key>path</key>
			<string>source</string>
			<key>sourceTree</key>
			<string>&lt;group&gt;</string>
		</dict>
		<key>DAD33FD21CBC83E300C87502</key>
		<dict>
			<key>children</key>
			<array>
				<string>DAD33FD31CBC83E300C87502</string>
			</array>
			<key>isa</key>
			<string>PBXGroup</string>
			<key>path</key>
			<string>c</string>
			<key>sourceTree</key>
			<string>&lt;group&gt;</string>
		</dict>
		<key>DAD33FD31CBC83E300C87502</key>
		<dict>
			<key>fileEncoding</key>
			<string>4</string>
			<key>isa</key>
			<string>PBXFileReference</string>
			<key>lastKnownFileType</key>
			<string>sourcecode.c.h</string>
			<key>path</key>
			<string>c.h</string>
			<key>sourceTree</key>
			<string>&lt;group&gt;</string>
		</dict>
		<key>DAD33FD41CBC83E300C87502</key>
		<dict>
			<key>children</key>
			<array>
				<string>DAD33FD51CBC83E300C87502</string>
				<string>DAD33FDA1CBC83E300C87502</string>
				<string>DAD33FDD1CBC83E300C87502</string>
				<string>DAD33FE11CBC83E300C87502</string>
			</array>
			<key>isa</key>
			<string>PBXGroup</string>
			<key>path</key>
			<string>m</string>
			<key>sourceTree</key>
			<string>&lt;group&gt;</string>
		</dict>
		<key>DAD33FD51CBC83E300C87502</key>
		<dict>
			<key>children</key>
			<array>
				<string>DAD33FD61CBC83E300C87502</string>
				<string>DAD33FD71CBC83E300C87502</string>
				<string>DAD33FD81CBC83E300C87502</string>
				<string>DAD33FD91CBC83E300C87502</string>
			</array>
			<key>isa</key>
			<string>PBXGroup</string>
			<key>path</key>
			<string>db</string>
			<key>sourceTree</key>
			<string>&lt;group&gt;</string>
		</dict>
		<key>DAD33FD61CBC83E300C87502</key>
		<dict>
			<key>fileEncoding</key>
			<string>4</string>
			<key>isa</key>
			<string>PBXFileReference</string>
			<key>lastKnownFileType</key>
			<string>sourcecode.c.h</string>
			<key>path</key>
			<string>mdb.h</string>
			<key>sourceTree</key>
			<string>&lt;group&gt;</string>
		</dict>
		<key>DAD33FD71CBC83E300C87502</key>
		<dict>
			<key>fileEncoding</key>
			<string>4</string>
			<key>isa</key>
			<string>PBXFileReference</string>
			<key>lastKnownFileType</key>
			<string>sourcecode.c.objc</string>
			<key>path</key>
			<string>mdb.m</string>
			<key>sourceTree</key>
			<string>&lt;group&gt;</string>
		</dict>
		<key>DAD33FD81CBC83E300C87502</key>
		<dict>
			<key>fileEncoding</key>
			<string>4</string>
			<key>isa</key>
			<string>PBXFileReference</string>
			<key>lastKnownFileType</key>
			<string>sourcecode.c.h</string>
			<key>path</key>
			<string>mdbcreate.h</string>
			<key>sourceTree</key>
			<string>&lt;group&gt;</string>
		</dict>
		<key>DAD33FD91CBC83E300C87502</key>
		<dict>
			<key>fileEncoding</key>
			<string>4</string>
			<key>isa</key>
			<string>PBXFileReference</string>
			<key>lastKnownFileType</key>
			<string>sourcecode.c.objc</string>
			<key>path</key>
			<string>mdbcreate.m</string>
			<key>sourceTree</key>
			<string>&lt;group&gt;</string>
		</dict>
		<key>DAD33FDA1CBC83E300C87502</key>
		<dict>
			<key>children</key>
			<array>
				<string>DAD33FDB1CBC83E300C87502</string>
				<string>DAD33FDC1CBC83E300C87502</string>
			</array>
			<key>isa</key>
			<string>PBXGroup</string>
			<key>path</key>
			<string>dirs</string>
			<key>sourceTree</key>
			<string>&lt;group&gt;</string>
		</dict>
		<key>DAD33FDB1CBC83E300C87502</key>
		<dict>
			<key>fileEncoding</key>
			<string>4</string>
			<key>isa</key>
			<string>PBXFileReference</string>
			<key>lastKnownFileType</key>
			<string>sourcecode.c.h</string>
			<key>path</key>
			<string>mdirs.h</string>
			<key>sourceTree</key>
			<string>&lt;group&gt;</string>
		</dict>
		<key>DAD33FDC1CBC83E300C87502</key>
		<dict>
			<key>fileEncoding</key>
			<string>4</string>
			<key>isa</key>
			<string>PBXFileReference</string>
			<key>lastKnownFileType</key>
			<string>sourcecode.c.objc</string>
			<key>path</key>
			<string>mdirs.m</string>
			<key>sourceTree</key>
			<string>&lt;group&gt;</string>
		</dict>
		<key>DAD33FDD1CBC83E300C87502</key>
		<dict>
			<key>children</key>
			<array>
				<string>DAD33FDE1CBC83E300C87502</string>
				<string>DAD33FDF1CBC83E300C87502</string>
				<string>DAD33FE01CBC83E300C87502</string>
			</array>
			<key>isa</key>
			<string>PBXGroup</string>
			<key>path</key>
			<string>general</string>
			<key>sourceTree</key>
			<string>&lt;group&gt;</string>
		</dict>
		<key>DAD33FDE1CBC83E300C87502</key>
		<dict>
			<key>fileEncoding</key>
			<string>4</string>
			<key>isa</key>
			<string>PBXFileReference</string>
			<key>lastKnownFileType</key>
			<string>sourcecode.c.h</string>
			<key>path</key>
			<string>mgeneral.h</string>
			<key>sourceTree</key>
			<string>&lt;group&gt;</string>
		</dict>
		<key>DAD33FDF1CBC83E300C87502</key>
		<dict>
			<key>fileEncoding</key>
			<string>4</string>
			<key>isa</key>
			<string>PBXFileReference</string>
			<key>lastKnownFileType</key>
			<string>sourcecode.c.h</string>
			<key>path</key>
			<string>msettings.h</string>
			<key>sourceTree</key>
			<string>&lt;group&gt;</string>
		</dict>
		<key>DAD33FE01CBC83E300C87502</key>
		<dict>
			<key>fileEncoding</key>
			<string>4</string>
			<key>isa</key>
			<string>PBXFileReference</string>
			<key>lastKnownFileType</key>
			<string>sourcecode.c.objc</string>
			<key>path</key>
			<string>msettings.m</string>
			<key>sourceTree</key>
			<string>&lt;group&gt;</string>
		</dict>
		<key>DAD33FE11CBC83E300C87502</key>
		<dict>
			<key>fileEncoding</key>
			<string>4</string>
			<key>isa</key>
			<string>PBXFileReference</string>
			<key>lastKnownFileType</key>
			<string>sourcecode.c.h</string>
			<key>path</key>
			<string>m.h</string>
			<key>sourceTree</key>
			<string>&lt;group&gt;</string>
		</dict>
		<key>DAD33FE21CBC83E300C87502</key>
		<dict>
			<key>children</key>
			<array>
				<string>DAD33FE31CBC83E300C87502</string>
			</array>
			<key>isa</key>
			<string>PBXGroup</string>
			<key>path</key>
			<string>s</string>
			<key>sourceTree</key>
			<string>&lt;group&gt;</string>
		</dict>
		<key>DAD33FE31CBC83E300C87502</key>
		<dict>
			<key>fileEncoding</key>
			<string>4</string>
			<key>isa</key>
			<string>PBXFileReference</string>
			<key>lastKnownFileType</key>
			<string>sourcecode.c.h</string>
			<key>path</key>
			<string>s.h</string>
			<key>sourceTree</key>
			<string>&lt;group&gt;</string>
		</dict>
		<key>DAD33FE41CBC83E300C87502</key>
		<dict>
			<key>children</key>
			<array>
				<string>DAD33FE51CBC83E300C87502</string>
				<string>DAD33FEF1CBC83E300C87502</string>
			</array>
			<key>isa</key>
			<string>PBXGroup</string>
			<key>path</key>
			<string>v</string>
			<key>sourceTree</key>
			<string>&lt;group&gt;</string>
		</dict>
		<key>DAD33FE51CBC83E300C87502</key>
		<dict>
			<key>children</key>
			<array>
				<string>DAD33FE61CBC83E300C87502</string>
				<string>DAD33FE71CBC83E300C87502</string>
				<string>DAD33FE81CBC83E300C87502</string>
				<string>DAD33FE91CBC83E300C87502</string>
				<string>DAD33FEA1CBC83E300C87502</string>
				<string>DAD33FEB1CBC83E300C87502</string>
			</array>
			<key>isa</key>
			<string>PBXGroup</string>
			<key>path</key>
			<string>general</string>
			<key>sourceTree</key>
			<string>&lt;group&gt;</string>
		</dict>
		<key>DAD33FE61CBC83E300C87502</key>
		<dict>
			<key>fileEncoding</key>
			<string>4</string>
			<key>isa</key>
			<string>PBXFileReference</string>
			<key>lastKnownFileType</key>
			<string>sourcecode.c.h</string>
			<key>path</key>
			<string>valert.h</string>
			<key>sourceTree</key>
			<string>&lt;group&gt;</string>
		</dict>
		<key>DAD33FE71CBC83E300C87502</key>
		<dict>
			<key>fileEncoding</key>
			<string>4</string>
			<key>isa</key>
			<string>PBXFileReference</string>
			<key>lastKnownFileType</key>
			<string>sourcecode.c.objc</string>
			<key>path</key>
			<string>valert.m</string>
			<key>sourceTree</key>
			<string>&lt;group&gt;</string>
		</dict>
		<key>DAD33FE81CBC83E300C87502</key>
		<dict>
			<key>fileEncoding</key>
			<string>4</string>
			<key>isa</key>
			<string>PBXFileReference</string>
			<key>lastKnownFileType</key>
			<string>sourcecode.c.h</string>
			<key>path</key>
			<string>vblur.h</string>
			<key>sourceTree</key>
			<string>&lt;group&gt;</string>
		</dict>
		<key>DAD33FE91CBC83E300C87502</key>
		<dict>
			<key>fileEncoding</key>
			<string>4</string>
			<key>isa</key>
			<string>PBXFileReference</string>
			<key>lastKnownFileType</key>
			<string>sourcecode.c.objc</string>
			<key>path</key>
			<string>vblur.m</string>
			<key>sourceTree</key>
			<string>&lt;group&gt;</string>
		</dict>
		<key>DAD33FEA1CBC83E300C87502</key>
		<dict>
			<key>fileEncoding</key>
			<string>4</string>
			<key>isa</key>
			<string>PBXFileReference</string>
			<key>lastKnownFileType</key>
			<string>sourcecode.c.h</string>
			<key>path</key>
			<string>vspinner.h</string>
			<key>sourceTree</key>
			<string>&lt;group&gt;</string>
		</dict>
		<key>DAD33FEB1CBC83E300C87502</key>
		<dict>
			<key>fileEncoding</key>
			<string>4</string>
			<key>isa</key>
			<string>PBXFileReference</string>
			<key>lastKnownFileType</key>
			<string>sourcecode.c.objc</string>
			<key>path</key>
			<string>vspinner.m</string>
			<key>sourceTree</key>
			<string>&lt;group&gt;</string>
		</dict>
		<key>DAD33FEF1CBC83E300C87502</key>
		<dict>
			<key>fileEncoding</key>
			<string>4</string>
			<key>isa</key>
			<string>PBXFileReference</string>
			<key>lastKnownFileType</key>
			<string>sourcecode.c.h</string>
			<key>path</key>
			<string>v.h</string>
			<key>sourceTree</key>
			<string>&lt;group&gt;</string>
		</dict>
		<key>DAD33FF01CBC83E300C87502</key>
		<dict>
			<key>fileRef</key>
			<string>DAD33FAB1CBC83E300C87502</string>
			<key>isa</key>
			<string>PBXBuildFile</string>
		</dict>
		<key>DAD33FF11CBC83E300C87502</key>
		<dict>
			<key>fileRef</key>
			<string>DAD33FAE1CBC83E300C87502</string>
			<key>isa</key>
			<string>PBXBuildFile</string>
		</dict>
		<key>DAD33FF21CBC83E300C87502</key>
		<dict>
			<key>fileRef</key>
			<string>DAD33FAF1CBC83E300C87502</string>
			<key>isa</key>
			<string>PBXBuildFile</string>
		</dict>
		<key>DAD33FF31CBC83E300C87502</key>
		<dict>
			<key>fileRef</key>
			<string>DAD33FB01CBC83E300C87502</string>
			<key>isa</key>
			<string>PBXBuildFile</string>
		</dict>
		<key>DAD33FF41CBC83E300C87502</key>
		<dict>
			<key>fileRef</key>
			<string>DAD33FB61CBC83E300C87502</string>
			<key>isa</key>
			<string>PBXBuildFile</string>
		</dict>
		<key>DAD33FF51CBC83E300C87502</key>
		<dict>
			<key>fileRef</key>
			<string>DAD33FB71CBC83E300C87502</string>
			<key>isa</key>
			<string>PBXBuildFile</string>
		</dict>
		<key>DAD33FF61CBC83E300C87502</key>
		<dict>
			<key>fileRef</key>
			<string>DAD33FB81CBC83E300C87502</string>
			<key>isa</key>
			<string>PBXBuildFile</string>
		</dict>
		<key>DAD33FF71CBC83E300C87502</key>
		<dict>
			<key>fileRef</key>
			<string>DAD33FBB1CBC83E300C87502</string>
			<key>isa</key>
			<string>PBXBuildFile</string>
		</dict>
		<key>DAD33FF81CBC83E300C87502</key>
		<dict>
			<key>fileRef</key>
			<string>DAD33FBE1CBC83E300C87502</string>
			<key>isa</key>
			<string>PBXBuildFile</string>
		</dict>
		<key>DAD33FF91CBC83E300C87502</key>
		<dict>
			<key>fileRef</key>
			<string>DAD33FC01CBC83E300C87502</string>
			<key>isa</key>
			<string>PBXBuildFile</string>
		</dict>
		<key>DAD33FFA1CBC83E300C87502</key>
		<dict>
			<key>fileRef</key>
			<string>DAD33FC21CBC83E300C87502</string>
			<key>isa</key>
			<string>PBXBuildFile</string>
		</dict>
		<key>DAD33FFB1CBC83E300C87502</key>
		<dict>
			<key>fileRef</key>
			<string>DAD33FC41CBC83E300C87502</string>
			<key>isa</key>
			<string>PBXBuildFile</string>
		</dict>
		<key>DAD33FFC1CBC83E300C87502</key>
		<dict>
			<key>fileRef</key>
			<string>DAD33FC61CBC83E300C87502</string>
			<key>isa</key>
			<string>PBXBuildFile</string>
		</dict>
		<key>DAD33FFD1CBC83E300C87502</key>
		<dict>
			<key>fileRef</key>
			<string>DAD33FCA1CBC83E300C87502</string>
			<key>isa</key>
			<string>PBXBuildFile</string>
		</dict>
		<key>DAD33FFE1CBC83E300C87502</key>
		<dict>
			<key>fileRef</key>
			<string>DAD33FCB1CBC83E300C87502</string>
			<key>isa</key>
			<string>PBXBuildFile</string>
		</dict>
		<key>DAD33FFF1CBC83E300C87502</key>
		<dict>
			<key>fileRef</key>
			<string>DAD33FD71CBC83E300C87502</string>
			<key>isa</key>
			<string>PBXBuildFile</string>
		</dict>
		<key>DAD340001CBC83E300C87502</key>
		<dict>
			<key>fileRef</key>
			<string>DAD33FD91CBC83E300C87502</string>
			<key>isa</key>
			<string>PBXBuildFile</string>
		</dict>
		<key>DAD340011CBC83E300C87502</key>
		<dict>
			<key>fileRef</key>
			<string>DAD33FDC1CBC83E300C87502</string>
			<key>isa</key>
			<string>PBXBuildFile</string>
		</dict>
		<key>DAD340021CBC83E300C87502</key>
		<dict>
			<key>fileRef</key>
			<string>DAD33FE01CBC83E300C87502</string>
			<key>isa</key>
			<string>PBXBuildFile</string>
		</dict>
		<key>DAD340031CBC83E300C87502</key>
		<dict>
			<key>fileRef</key>
			<string>DAD33FE71CBC83E300C87502</string>
			<key>isa</key>
			<string>PBXBuildFile</string>
		</dict>
		<key>DAD340041CBC83E300C87502</key>
		<dict>
			<key>fileRef</key>
			<string>DAD33FE91CBC83E300C87502</string>
			<key>isa</key>
			<string>PBXBuildFile</string>
		</dict>
		<key>DAD340051CBC83E300C87502</key>
		<dict>
			<key>fileRef</key>
			<string>DAD33FEB1CBC83E300C87502</string>
			<key>isa</key>
			<string>PBXBuildFile</string>
		</dict>
		<key>DAD340071CBC84A700C87502</key>
		<dict>
			<key>children</key>
			<array>
				<string>DAD340081CBC84A700C87502</string>
				<string>DAD340091CBC84A700C87502</string>
			</array>
			<key>isa</key>
			<string>PBXGroup</string>
			<key>path</key>
			<string>private</string>
			<key>sourceTree</key>
			<string>&lt;group&gt;</string>
		</dict>
		<key>DAD340081CBC84A700C87502</key>
		<dict>
			<key>fileEncoding</key>
			<string>4</string>
			<key>isa</key>
			<string>PBXFileReference</string>
			<key>lastKnownFileType</key>
			<string>sourcecode.c.h</string>
			<key>path</key>
			<string>private.h</string>
			<key>sourceTree</key>
			<string>&lt;group&gt;</string>
		</dict>
		<key>DAD340091CBC84A700C87502</key>
		<dict>
			<key>fileEncoding</key>
			<string>4</string>
			<key>isa</key>
			<string>PBXFileReference</string>
			<key>lastKnownFileType</key>
			<string>sourcecode.c.h</string>
			<key>path</key>
			<string>privateconstants.h</string>
			<key>sourceTree</key>
			<string>&lt;group&gt;</string>
		</dict>
		<key>DAD3400A1CBC858A00C87502</key>
		<dict>
			<key>isa</key>
			<string>PBXFileReference</string>
			<key>lastKnownFileType</key>
			<string>folder.assetcatalog</string>
			<key>path</key>
			<string>brand.xcassets</string>
			<key>sourceTree</key>
			<string>&lt;group&gt;</string>
		</dict>
		<key>DAD3400B1CBC858A00C87502</key>
		<dict>
			<key>fileRef</key>
			<string>DAD3400A1CBC858A00C87502</string>
			<key>isa</key>
			<string>PBXBuildFile</string>
		</dict>
		<key>E99EDB84D6293E5D839C08A5</key>
		<dict>
			<key>fileRef</key>
			<string>B9E47528F2CEFA76F37D95E3</string>
			<key>isa</key>
			<string>PBXBuildFile</string>
		</dict>
		<key>EF892A6037A9F1FDD9C30D6A</key>
		<dict>
			<key>buildActionMask</key>
			<string>2147483647</string>
			<key>files</key>
			<array/>
			<key>inputPaths</key>
			<array/>
			<key>isa</key>
			<string>PBXShellScriptBuildPhase</string>
			<key>name</key>
			<string>Embed Pods Frameworks</string>
			<key>outputPaths</key>
			<array/>
			<key>runOnlyForDeploymentPostprocessing</key>
			<string>0</string>
			<key>shellPath</key>
			<string>/bin/sh</string>
			<key>shellScript</key>
			<string>"${SRCROOT}/Pods/Target Support Files/Pods-cdmx/Pods-cdmx-frameworks.sh"
</string>
			<key>showEnvVarsInLog</key>
			<string>0</string>
		</dict>
		<key>EFFF53693CD2BFB9D79DACFE</key>
		<dict>
			<key>includeInIndex</key>
			<string>1</string>
			<key>isa</key>
			<string>PBXFileReference</string>
			<key>lastKnownFileType</key>
			<string>text.xcconfig</string>
			<key>name</key>
			<string>Pods-cdmx.release.xcconfig</string>
			<key>path</key>
			<string>Pods/Target Support Files/Pods-cdmx/Pods-cdmx.release.xcconfig</string>
			<key>sourceTree</key>
			<string>&lt;group&gt;</string>
		</dict>
		<key>FB216D6F4F8C21A7E0923298</key>
		<dict>
			<key>includeInIndex</key>
			<string>1</string>
			<key>isa</key>
			<string>PBXFileReference</string>
			<key>lastKnownFileType</key>
			<string>text.xcconfig</string>
			<key>name</key>
			<string>Pods-cdmx.debug.xcconfig</string>
			<key>path</key>
			<string>Pods/Target Support Files/Pods-cdmx/Pods-cdmx.debug.xcconfig</string>
			<key>sourceTree</key>
			<string>&lt;group&gt;</string>
		</dict>
	</dict>
	<key>rootObject</key>
	<string>DAD33F881CBC825900C87502</string>
</dict>
</plist>
